// !$*UTF8*$!
{
	archiveVersion = 1;
	classes = {
	};
	objectVersion = 50;
	objects = {

/* Begin PBXBuildFile section */
		5C201B7B229C1E7100955F07 /* WDTextLayer.m in Sources */ = {isa = PBXBuildFile; fileRef = 5C201B7A229C1E7100955F07 /* WDTextLayer.m */; };
		5C201B7E229C1E8B00955F07 /* WDTextLabel.m in Sources */ = {isa = PBXBuildFile; fileRef = 5C201B7D229C1E8B00955F07 /* WDTextLabel.m */; };
		5C201B7F229C1EE700955F07 /* WDTextLayer.h in CopyFiles */ = {isa = PBXBuildFile; fileRef = 5C201B79229C1E7100955F07 /* WDTextLayer.h */; };
		5C201B80229C1EE700955F07 /* WDTextLabel.h in CopyFiles */ = {isa = PBXBuildFile; fileRef = 5C201B7C229C1E8B00955F07 /* WDTextLabel.h */; };
		5CC692032292D26F00BF3A3B /* WDText.h in CopyFiles */ = {isa = PBXBuildFile; fileRef = 5CC692002292D26F00BF3A3B /* WDText.h */; };
		5CC692332292D32D00BF3A3B /* WDTextAttachment.m in Sources */ = {isa = PBXBuildFile; fileRef = 5CC692322292D32D00BF3A3B /* WDTextAttachment.m */; };
		5CC692392292D52000BF3A3B /* WDTextLayout.m in Sources */ = {isa = PBXBuildFile; fileRef = 5CC692382292D52000BF3A3B /* WDTextLayout.m */; };
		5CC6923C2292D5B900BF3A3B /* NSAttributedString+WDText.m in Sources */ = {isa = PBXBuildFile; fileRef = 5CC6923B2292D5B900BF3A3B /* NSAttributedString+WDText.m */; };
		5CC692482292E2AA00BF3A3B /* WDTextBorderAttachment.m in Sources */ = {isa = PBXBuildFile; fileRef = 5CC692472292E2AA00BF3A3B /* WDTextBorderAttachment.m */; };
		5CC6924F2292E5E600BF3A3B /* WDTextAttachment.h in CopyFiles */ = {isa = PBXBuildFile; fileRef = 5CC692312292D32D00BF3A3B /* WDTextAttachment.h */; };
		5CC692502292E5EB00BF3A3B /* WDTextBorderAttachment.h in CopyFiles */ = {isa = PBXBuildFile; fileRef = 5CC692462292E2AA00BF3A3B /* WDTextBorderAttachment.h */; };
		5CC692512292E5F000BF3A3B /* NSAttributedString+WDText.h in CopyFiles */ = {isa = PBXBuildFile; fileRef = 5CC6923A2292D5B900BF3A3B /* NSAttributedString+WDText.h */; };
		5CC692522292E5F700BF3A3B /* WDTextLayout.h in CopyFiles */ = {isa = PBXBuildFile; fileRef = 5CC692372292D52000BF3A3B /* WDTextLayout.h */; };
/* End PBXBuildFile section */

/* Begin PBXCopyFilesBuildPhase section */
		5CC691FB2292D26F00BF3A3B /* CopyFiles */ = {
			isa = PBXCopyFilesBuildPhase;
			buildActionMask = 2147483647;
			dstPath = "include/$(PRODUCT_NAME)";
			dstSubfolderSpec = 16;
			files = (
				5C201B7F229C1EE700955F07 /* WDTextLayer.h in CopyFiles */,
				5C201B80229C1EE700955F07 /* WDTextLabel.h in CopyFiles */,
				5CC692522292E5F700BF3A3B /* WDTextLayout.h in CopyFiles */,
				5CC692512292E5F000BF3A3B /* NSAttributedString+WDText.h in CopyFiles */,
				5CC692502292E5EB00BF3A3B /* WDTextBorderAttachment.h in CopyFiles */,
				5CC6924F2292E5E600BF3A3B /* WDTextAttachment.h in CopyFiles */,
				5CC692032292D26F00BF3A3B /* WDText.h in CopyFiles */,
			);
			runOnlyForDeploymentPostprocessing = 0;
		};
/* End PBXCopyFilesBuildPhase section */

/* Begin PBXFileReference section */
		5C201B79229C1E7100955F07 /* WDTextLayer.h */ = {isa = PBXFileReference; lastKnownFileType = sourcecode.c.h; path = WDTextLayer.h; sourceTree = "<group>"; };
		5C201B7A229C1E7100955F07 /* WDTextLayer.m */ = {isa = PBXFileReference; lastKnownFileType = sourcecode.c.objc; path = WDTextLayer.m; sourceTree = "<group>"; };
		5C201B7C229C1E8B00955F07 /* WDTextLabel.h */ = {isa = PBXFileReference; lastKnownFileType = sourcecode.c.h; path = WDTextLabel.h; sourceTree = "<group>"; };
		5C201B7D229C1E8B00955F07 /* WDTextLabel.m */ = {isa = PBXFileReference; lastKnownFileType = sourcecode.c.objc; path = WDTextLabel.m; sourceTree = "<group>"; };
		5CC691FD2292D26F00BF3A3B /* libWDText.a */ = {isa = PBXFileReference; explicitFileType = archive.ar; includeInIndex = 0; path = libWDText.a; sourceTree = BUILT_PRODUCTS_DIR; };
		5CC692002292D26F00BF3A3B /* WDText.h */ = {isa = PBXFileReference; lastKnownFileType = sourcecode.c.h; path = WDText.h; sourceTree = "<group>"; };
		5CC692312292D32D00BF3A3B /* WDTextAttachment.h */ = {isa = PBXFileReference; lastKnownFileType = sourcecode.c.h; path = WDTextAttachment.h; sourceTree = "<group>"; };
		5CC692322292D32D00BF3A3B /* WDTextAttachment.m */ = {isa = PBXFileReference; lastKnownFileType = sourcecode.c.objc; path = WDTextAttachment.m; sourceTree = "<group>"; };
		5CC692372292D52000BF3A3B /* WDTextLayout.h */ = {isa = PBXFileReference; lastKnownFileType = sourcecode.c.h; path = WDTextLayout.h; sourceTree = "<group>"; };
		5CC692382292D52000BF3A3B /* WDTextLayout.m */ = {isa = PBXFileReference; lastKnownFileType = sourcecode.c.objc; path = WDTextLayout.m; sourceTree = "<group>"; };
		5CC6923A2292D5B900BF3A3B /* NSAttributedString+WDText.h */ = {isa = PBXFileReference; lastKnownFileType = sourcecode.c.h; path = "NSAttributedString+WDText.h"; sourceTree = "<group>"; };
		5CC6923B2292D5B900BF3A3B /* NSAttributedString+WDText.m */ = {isa = PBXFileReference; lastKnownFileType = sourcecode.c.objc; path = "NSAttributedString+WDText.m"; sourceTree = "<group>"; };
		5CC6923D2292D79900BF3A3B /* WDTextAttachment+Private.h */ = {isa = PBXFileReference; lastKnownFileType = sourcecode.c.h; path = "WDTextAttachment+Private.h"; sourceTree = "<group>"; };
		5CC692462292E2AA00BF3A3B /* WDTextBorderAttachment.h */ = {isa = PBXFileReference; lastKnownFileType = sourcecode.c.h; path = WDTextBorderAttachment.h; sourceTree = "<group>"; };
		5CC692472292E2AA00BF3A3B /* WDTextBorderAttachment.m */ = {isa = PBXFileReference; lastKnownFileType = sourcecode.c.objc; path = WDTextBorderAttachment.m; sourceTree = "<group>"; };
/* End PBXFileReference section */

/* Begin PBXFrameworksBuildPhase section */
		5CC691FA2292D26F00BF3A3B /* Frameworks */ = {
			isa = PBXFrameworksBuildPhase;
			buildActionMask = 2147483647;
			files = (
			);
			runOnlyForDeploymentPostprocessing = 0;
		};
/* End PBXFrameworksBuildPhase section */

/* Begin PBXGroup section */
		5CC691F42292D26F00BF3A3B = {
			isa = PBXGroup;
			children = (
				5CC691FF2292D26F00BF3A3B /* WDText */,
				5CC691FE2292D26F00BF3A3B /* Products */,
			);
			sourceTree = "<group>";
		};
		5CC691FE2292D26F00BF3A3B /* Products */ = {
			isa = PBXGroup;
			children = (
				5CC691FD2292D26F00BF3A3B /* libWDText.a */,
			);
			name = Products;
			sourceTree = "<group>";
		};
		5CC691FF2292D26F00BF3A3B /* WDText */ = {
			isa = PBXGroup;
			children = (
				5CC692002292D26F00BF3A3B /* WDText.h */,
				5CC692312292D32D00BF3A3B /* WDTextAttachment.h */,
				5CC692322292D32D00BF3A3B /* WDTextAttachment.m */,
				5CC692462292E2AA00BF3A3B /* WDTextBorderAttachment.h */,
				5CC692472292E2AA00BF3A3B /* WDTextBorderAttachment.m */,
				5CC6923D2292D79900BF3A3B /* WDTextAttachment+Private.h */,
				5CC692372292D52000BF3A3B /* WDTextLayout.h */,
				5CC692382292D52000BF3A3B /* WDTextLayout.m */,
				5C201B79229C1E7100955F07 /* WDTextLayer.h */,
				5C201B7A229C1E7100955F07 /* WDTextLayer.m */,
				5C201B7C229C1E8B00955F07 /* WDTextLabel.h */,
				5C201B7D229C1E8B00955F07 /* WDTextLabel.m */,
				5CC6923A2292D5B900BF3A3B /* NSAttributedString+WDText.h */,
				5CC6923B2292D5B900BF3A3B /* NSAttributedString+WDText.m */,
			);
			path = WDText;
			sourceTree = "<group>";
		};
/* End PBXGroup section */

/* Begin PBXNativeTarget section */
		5CC691FC2292D26F00BF3A3B /* WDText */ = {
			isa = PBXNativeTarget;
			buildConfigurationList = 5CC692062292D26F00BF3A3B /* Build configuration list for PBXNativeTarget "WDText" */;
			buildPhases = (
				5CC691F92292D26F00BF3A3B /* Sources */,
				5CC691FA2292D26F00BF3A3B /* Frameworks */,
				5CC691FB2292D26F00BF3A3B /* CopyFiles */,
			);
			buildRules = (
			);
			dependencies = (
			);
			name = WDText;
			productName = WDText;
			productReference = 5CC691FD2292D26F00BF3A3B /* libWDText.a */;
			productType = "com.apple.product-type.library.static";
		};
/* End PBXNativeTarget section */

/* Begin PBXProject section */
		5CC691F52292D26F00BF3A3B /* Project object */ = {
			isa = PBXProject;
			attributes = {
				CLASSPREFIX = WDText;
				LastUpgradeCheck = 1020;
				ORGANIZATIONNAME = wxiubin;
				TargetAttributes = {
					5CC691FC2292D26F00BF3A3B = {
						CreatedOnToolsVersion = 10.2.1;
					};
				};
			};
			buildConfigurationList = 5CC691F82292D26F00BF3A3B /* Build configuration list for PBXProject "WDText" */;
			compatibilityVersion = "Xcode 9.3";
			developmentRegion = en;
			hasScannedForEncodings = 0;
			knownRegions = (
				en,
			);
			mainGroup = 5CC691F42292D26F00BF3A3B;
			productRefGroup = 5CC691FE2292D26F00BF3A3B /* Products */;
			projectDirPath = "";
			projectRoot = "";
			targets = (
				5CC691FC2292D26F00BF3A3B /* WDText */,
			);
		};
/* End PBXProject section */

/* Begin PBXSourcesBuildPhase section */
		5CC691F92292D26F00BF3A3B /* Sources */ = {
			isa = PBXSourcesBuildPhase;
			buildActionMask = 2147483647;
			files = (
				5CC692332292D32D00BF3A3B /* WDTextAttachment.m in Sources */,
				5C201B7B229C1E7100955F07 /* WDTextLayer.m in Sources */,
				5C201B7E229C1E8B00955F07 /* WDTextLabel.m in Sources */,
				5CC692392292D52000BF3A3B /* WDTextLayout.m in Sources */,
				5CC692482292E2AA00BF3A3B /* WDTextBorderAttachment.m in Sources */,
				5CC6923C2292D5B900BF3A3B /* NSAttributedString+WDText.m in Sources */,
			);
			runOnlyForDeploymentPostprocessing = 0;
		};
/* End PBXSourcesBuildPhase section */

/* Begin XCBuildConfiguration section */
		5CC692042292D26F00BF3A3B /* Debug */ = {
			isa = XCBuildConfiguration;
			buildSettings = {
				ALWAYS_SEARCH_USER_PATHS = NO;
				CLANG_ANALYZER_NONNULL = YES;
				CLANG_ANALYZER_NUMBER_OBJECT_CONVERSION = YES_AGGRESSIVE;
				CLANG_CXX_LANGUAGE_STANDARD = "gnu++14";
				CLANG_CXX_LIBRARY = "libc++";
				CLANG_ENABLE_MODULES = YES;
				CLANG_ENABLE_OBJC_ARC = YES;
				CLANG_ENABLE_OBJC_WEAK = YES;
				CLANG_WARN_BLOCK_CAPTURE_AUTORELEASING = YES;
				CLANG_WARN_BOOL_CONVERSION = YES;
				CLANG_WARN_COMMA = YES;
				CLANG_WARN_CONSTANT_CONVERSION = YES;
				CLANG_WARN_DEPRECATED_OBJC_IMPLEMENTATIONS = YES;
				CLANG_WARN_DIRECT_OBJC_ISA_USAGE = YES_ERROR;
				CLANG_WARN_DOCUMENTATION_COMMENTS = YES;
				CLANG_WARN_EMPTY_BODY = YES;
				CLANG_WARN_ENUM_CONVERSION = YES;
				CLANG_WARN_INFINITE_RECURSION = YES;
				CLANG_WARN_INT_CONVERSION = YES;
				CLANG_WARN_NON_LITERAL_NULL_CONVERSION = YES;
				CLANG_WARN_OBJC_IMPLICIT_RETAIN_SELF = YES;
				CLANG_WARN_OBJC_LITERAL_CONVERSION = YES;
				CLANG_WARN_OBJC_ROOT_CLASS = YES_ERROR;
				CLANG_WARN_RANGE_LOOP_ANALYSIS = YES;
				CLANG_WARN_STRICT_PROTOTYPES = YES;
				CLANG_WARN_SUSPICIOUS_MOVE = YES;
				CLANG_WARN_UNGUARDED_AVAILABILITY = YES_AGGRESSIVE;
				CLANG_WARN_UNREACHABLE_CODE = YES;
				CLANG_WARN__DUPLICATE_METHOD_MATCH = YES;
				CODE_SIGN_IDENTITY = "iPhone Developer";
				COPY_PHASE_STRIP = NO;
				DEBUG_INFORMATION_FORMAT = dwarf;
				ENABLE_STRICT_OBJC_MSGSEND = YES;
				ENABLE_TESTABILITY = YES;
				GCC_C_LANGUAGE_STANDARD = gnu11;
				GCC_DYNAMIC_NO_PIC = NO;
				GCC_NO_COMMON_BLOCKS = YES;
				GCC_OPTIMIZATION_LEVEL = 0;
				GCC_PREPROCESSOR_DEFINITIONS = (
					"DEBUG=1",
					"$(inherited)",
				);
				GCC_WARN_64_TO_32_BIT_CONVERSION = YES;
				GCC_WARN_ABOUT_RETURN_TYPE = YES_ERROR;
				GCC_WARN_UNDECLARED_SELECTOR = YES;
				GCC_WARN_UNINITIALIZED_AUTOS = YES_AGGRESSIVE;
				GCC_WARN_UNUSED_FUNCTION = YES;
				GCC_WARN_UNUSED_VARIABLE = YES;
				IPHONEOS_DEPLOYMENT_TARGET = 8.0;
				MTL_ENABLE_DEBUG_INFO = INCLUDE_SOURCE;
				MTL_FAST_MATH = YES;
				ONLY_ACTIVE_ARCH = YES;
				SDKROOT = iphoneos;
			};
			name = Debug;
		};
		5CC692052292D26F00BF3A3B /* Release */ = {
			isa = XCBuildConfiguration;
			buildSettings = {
				ALWAYS_SEARCH_USER_PATHS = NO;
				CLANG_ANALYZER_NONNULL = YES;
				CLANG_ANALYZER_NUMBER_OBJECT_CONVERSION = YES_AGGRESSIVE;
				CLANG_CXX_LANGUAGE_STANDARD = "gnu++14";
				CLANG_CXX_LIBRARY = "libc++";
				CLANG_ENABLE_MODULES = YES;
				CLANG_ENABLE_OBJC_ARC = YES;
				CLANG_ENABLE_OBJC_WEAK = YES;
				CLANG_WARN_BLOCK_CAPTURE_AUTORELEASING = YES;
				CLANG_WARN_BOOL_CONVERSION = YES;
				CLANG_WARN_COMMA = YES;
				CLANG_WARN_CONSTANT_CONVERSION = YES;
				CLANG_WARN_DEPRECATED_OBJC_IMPLEMENTATIONS = YES;
				CLANG_WARN_DIRECT_OBJC_ISA_USAGE = YES_ERROR;
				CLANG_WARN_DOCUMENTATION_COMMENTS = YES;
				CLANG_WARN_EMPTY_BODY = YES;
				CLANG_WARN_ENUM_CONVERSION = YES;
				CLANG_WARN_INFINITE_RECURSION = YES;
				CLANG_WARN_INT_CONVERSION = YES;
				CLANG_WARN_NON_LITERAL_NULL_CONVERSION = YES;
				CLANG_WARN_OBJC_IMPLICIT_RETAIN_SELF = YES;
				CLANG_WARN_OBJC_LITERAL_CONVERSION = YES;
				CLANG_WARN_OBJC_ROOT_CLASS = YES_ERROR;
				CLANG_WARN_RANGE_LOOP_ANALYSIS = YES;
				CLANG_WARN_STRICT_PROTOTYPES = YES;
				CLANG_WARN_SUSPICIOUS_MOVE = YES;
				CLANG_WARN_UNGUARDED_AVAILABILITY = YES_AGGRESSIVE;
				CLANG_WARN_UNREACHABLE_CODE = YES;
				CLANG_WARN__DUPLICATE_METHOD_MATCH = YES;
				CODE_SIGN_IDENTITY = "iPhone Developer";
				COPY_PHASE_STRIP = NO;
				DEBUG_INFORMATION_FORMAT = "dwarf-with-dsym";
				ENABLE_NS_ASSERTIONS = NO;
				ENABLE_STRICT_OBJC_MSGSEND = YES;
				GCC_C_LANGUAGE_STANDARD = gnu11;
				GCC_NO_COMMON_BLOCKS = YES;
				GCC_WARN_64_TO_32_BIT_CONVERSION = YES;
				GCC_WARN_ABOUT_RETURN_TYPE = YES_ERROR;
				GCC_WARN_UNDECLARED_SELECTOR = YES;
				GCC_WARN_UNINITIALIZED_AUTOS = YES_AGGRESSIVE;
				GCC_WARN_UNUSED_FUNCTION = YES;
				GCC_WARN_UNUSED_VARIABLE = YES;
				IPHONEOS_DEPLOYMENT_TARGET = 8.0;
				MTL_ENABLE_DEBUG_INFO = NO;
				MTL_FAST_MATH = YES;
				SDKROOT = iphoneos;
				VALIDATE_PRODUCT = YES;
			};
			name = Release;
		};
		5CC692072292D26F00BF3A3B /* Debug */ = {
			isa = XCBuildConfiguration;
			buildSettings = {
				CODE_SIGN_STYLE = Automatic;
				OTHER_LDFLAGS = "-ObjC";
				PRODUCT_NAME = "$(TARGET_NAME)";
				SKIP_INSTALL = YES;
				TARGETED_DEVICE_FAMILY = "1,2";
			};
			name = Debug;
		};
		5CC692082292D26F00BF3A3B /* Release */ = {
			isa = XCBuildConfiguration;
			buildSettings = {
				CODE_SIGN_STYLE = Automatic;
				OTHER_LDFLAGS = "-ObjC";
				PRODUCT_NAME = "$(TARGET_NAME)";
				SKIP_INSTALL = YES;
				TARGETED_DEVICE_FAMILY = "1,2";
			};
			name = Release;
		};
/* End XCBuildConfiguration section */

/* Begin XCConfigurationList section */
		5CC691F82292D26F00BF3A3B /* Build configuration list for PBXProject "WDText" */ = {
			isa = XCConfigurationList;
			buildConfigurations = (
				5CC692042292D26F00BF3A3B /* Debug */,
				5CC692052292D26F00BF3A3B /* Release */,
			);
			defaultConfigurationIsVisible = 0;
			defaultConfigurationName = Release;
		};
		5CC692062292D26F00BF3A3B /* Build configuration list for PBXNativeTarget "WDText" */ = {
			isa = XCConfigurationList;
			buildConfigurations = (
				5CC692072292D26F00BF3A3B /* Debug */,
				5CC692082292D26F00BF3A3B /* Release */,
			);
			defaultConfigurationIsVisible = 0;
			defaultConfigurationName = Release;
		};
/* End XCConfigurationList section */
	};
	rootObject = 5CC691F52292D26F00BF3A3B /* Project object */;
}
